
Microsoft Visual Studio Solution File, Format Version 12.00
# Visual Studio 14
VisualStudioVersion = 14.0.25420.1
MinimumVisualStudioVersion = 10.0.40219.1
Project("{FAE04EC0-301F-11D3-BF4B-00C04F79EFBC}") = "LeanFTForSelenium", "LeanFTForSelenium.csproj", "{18CAD0B7-90F6-4020-8544-CC1828F3B2AD}"
EndProject
Global
	GlobalSection(SolutionConfigurationPlatforms) = preSolution
		Debug|Any CPU = Debug|Any CPU
		Release|Any CPU = Release|Any CPU
	EndGlobalSection
	GlobalSection(ProjectConfigurationPlatforms) = postSolution
		{18CAD0B7-90F6-4020-8544-CC1828F3B2AD}.Debug|Any CPU.ActiveCfg = Debug|Any CPU
		{18CAD0B7-90F6-4020-8544-CC1828F3B2AD}.Debug|Any CPU.Build.0 = Debug|Any CPU
		{18CAD0B7-90F6-4020-8544-CC1828F3B2AD}.Release|Any CPU.ActiveCfg = Release|Any CPU
		{18CAD0B7-90F6-4020-8544-CC1828F3B2AD}.Release|Any CPU.Build.0 = Release|Any CPU
	EndGlobalSection
	GlobalSection(SolutionProperties) = preSolution
		HideSolutionNode = FALSE
	EndGlobalSection
EndGlobal
